
Microsoft Visual Studio Solution File, Format Version 12.00
# Visual Studio Version 16
VisualStudioVersion = 16.0.30711.63
MinimumVisualStudioVersion = 15.0.26124.0
Project("{9A19103F-16F7-4668-BE54-9A1E7A4F7556}") = "EFCOREDB", "EFCOREDB\EFCOREDB.csproj", "{184E513A-84AF-4DC7-B8AA-9DB4520EADF5}"
EndProject
Project("{FAE04EC0-301F-11D3-BF4B-00C04F79EFBC}") = "WPFApp", "WPFApp\WPFApp\WPFApp.csproj", "{BACD2E5F-81AA-4389-BA7B-A65BADE5D97E}"
EndProject
Project("{FAE04EC0-301F-11D3-BF4B-00C04F79EFBC}") = "ConsoleApp", "ConsoleApp\ConsoleApp\ConsoleApp.csproj", "{76B51320-8DF4-40D0-A547-74F52C88E51F}"
EndProject
Global
	GlobalSection(SolutionConfigurationPlatforms) = preSolution
		Debug|Any CPU = Debug|Any CPU
		Debug|x64 = Debug|x64
		Debug|x86 = Debug|x86
		Release|Any CPU = Release|Any CPU
		Release|x64 = Release|x64
		Release|x86 = Release|x86
	EndGlobalSection
	GlobalSection(ProjectConfigurationPlatforms) = postSolution
		{184E513A-84AF-4DC7-B8AA-9DB4520EADF5}.Debug|Any CPU.ActiveCfg = Debug|Any CPU
		{184E513A-84AF-4DC7-B8AA-9DB4520EADF5}.Debug|Any CPU.Build.0 = Debug|Any CPU
		{184E513A-84AF-4DC7-B8AA-9DB4520EADF5}.Debug|x64.ActiveCfg = Debug|Any CPU
		{184E513A-84AF-4DC7-B8AA-9DB4520EADF5}.Debug|x64.Build.0 = Debug|Any CPU
		{184E513A-84AF-4DC7-B8AA-9DB4520EADF5}.Debug|x86.ActiveCfg = Debug|Any CPU
		{184E513A-84AF-4DC7-B8AA-9DB4520EADF5}.Debug|x86.Build.0 = Debug|Any CPU
		{184E513A-84AF-4DC7-B8AA-9DB4520EADF5}.Release|Any CPU.ActiveCfg = Release|Any CPU
		{184E513A-84AF-4DC7-B8AA-9DB4520EADF5}.Release|Any CPU.Build.0 = Release|Any CPU
		{184E513A-84AF-4DC7-B8AA-9DB4520EADF5}.Release|x64.ActiveCfg = Release|Any CPU
		{184E513A-84AF-4DC7-B8AA-9DB4520EADF5}.Release|x64.Build.0 = Release|Any CPU
		{184E513A-84AF-4DC7-B8AA-9DB4520EADF5}.Release|x86.ActiveCfg = Release|Any CPU
		{184E513A-84AF-4DC7-B8AA-9DB4520EADF5}.Release|x86.Build.0 = Release|Any CPU
		{BACD2E5F-81AA-4389-BA7B-A65BADE5D97E}.Debug|Any CPU.ActiveCfg = Debug|Any CPU
		{BACD2E5F-81AA-4389-BA7B-A65BADE5D97E}.Debug|Any CPU.Build.0 = Debug|Any CPU
		{BACD2E5F-81AA-4389-BA7B-A65BADE5D97E}.Debug|x64.ActiveCfg = Debug|Any CPU
		{BACD2E5F-81AA-4389-BA7B-A65BADE5D97E}.Debug|x64.Build.0 = Debug|Any CPU
		{BACD2E5F-81AA-4389-BA7B-A65BADE5D97E}.Debug|x86.ActiveCfg = Debug|Any CPU
		{BACD2E5F-81AA-4389-BA7B-A65BADE5D97E}.Debug|x86.Build.0 = Debug|Any CPU
		{BACD2E5F-81AA-4389-BA7B-A65BADE5D97E}.Release|Any CPU.ActiveCfg = Release|Any CPU
		{BACD2E5F-81AA-4389-BA7B-A65BADE5D97E}.Release|Any CPU.Build.0 = Release|Any CPU
		{BACD2E5F-81AA-4389-BA7B-A65BADE5D97E}.Release|x64.ActiveCfg = Release|Any CPU
		{BACD2E5F-81AA-4389-BA7B-A65BADE5D97E}.Release|x64.Build.0 = Release|Any CPU
		{BACD2E5F-81AA-4389-BA7B-A65BADE5D97E}.Release|x86.ActiveCfg = Release|Any CPU
		{BACD2E5F-81AA-4389-BA7B-A65BADE5D97E}.Release|x86.Build.0 = Release|Any CPU
		{76B51320-8DF4-40D0-A547-74F52C88E51F}.Debug|Any CPU.ActiveCfg = Debug|Any CPU
		{76B51320-8DF4-40D0-A547-74F52C88E51F}.Debug|Any CPU.Build.0 = Debug|Any CPU
		{76B51320-8DF4-40D0-A547-74F52C88E51F}.Debug|x64.ActiveCfg = Debug|Any CPU
		{76B51320-8DF4-40D0-A547-74F52C88E51F}.Debug|x64.Build.0 = Debug|Any CPU
		{76B51320-8DF4-40D0-A547-74F52C88E51F}.Debug|x86.ActiveCfg = Debug|Any CPU
		{76B51320-8DF4-40D0-A547-74F52C88E51F}.Debug|x86.Build.0 = Debug|Any CPU
		{76B51320-8DF4-40D0-A547-74F52C88E51F}.Release|Any CPU.ActiveCfg = Release|Any CPU
		{76B51320-8DF4-40D0-A547-74F52C88E51F}.Release|Any CPU.Build.0 = Release|Any CPU
		{76B51320-8DF4-40D0-A547-74F52C88E51F}.Release|x64.ActiveCfg = Release|Any CPU
		{76B51320-8DF4-40D0-A547-74F52C88E51F}.Release|x64.Build.0 = Release|Any CPU
		{76B51320-8DF4-40D0-A547-74F52C88E51F}.Release|x86.ActiveCfg = Release|Any CPU
		{76B51320-8DF4-40D0-A547-74F52C88E51F}.Release|x86.Build.0 = Release|Any CPU
	EndGlobalSection
	GlobalSection(SolutionProperties) = preSolution
		HideSolutionNode = FALSE
	EndGlobalSection
	GlobalSection(ExtensibilityGlobals) = postSolution
		SolutionGuid = {D657F3B3-4722-47D5-A257-C62FA5B910C0}
	EndGlobalSection
EndGlobal
